
Microsoft Visual Studio Solution File, Format Version 12.00
# Visual Studio Version 16
VisualStudioVersion = 16.0.29424.173
MinimumVisualStudioVersion = 15.0.26124.0
Project("{9A19103F-16F7-4668-BE54-9A1E7A4F7556}") = "restapp.Api", "restapp.api\restapp.Api.csproj", "{11DCBA68-1C22-4936-97FB-2D95DD982BD4}"
EndProject
Project("{9A19103F-16F7-4668-BE54-9A1E7A4F7556}") = "restapp.Domain", "restapp.domain\restapp.Domain.csproj", "{E26C76A3-C966-40A4-8A43-D217C2FCAAD3}"
EndProject
Project("{9A19103F-16F7-4668-BE54-9A1E7A4F7556}") = "restapp.Data", "restapp.data\restapp.Data.csproj", "{8CCB99B3-53C4-44F3-9D8C-68F41FFF2557}"
EndProject
Global
	GlobalSection(SolutionConfigurationPlatforms) = preSolution
		Debug|Any CPU = Debug|Any CPU
		Debug|x64 = Debug|x64
		Debug|x86 = Debug|x86
		Release|Any CPU = Release|Any CPU
		Release|x64 = Release|x64
		Release|x86 = Release|x86
	EndGlobalSection
	GlobalSection(ProjectConfigurationPlatforms) = postSolution
		{11DCBA68-1C22-4936-97FB-2D95DD982BD4}.Debug|Any CPU.ActiveCfg = Debug|Any CPU
		{11DCBA68-1C22-4936-97FB-2D95DD982BD4}.Debug|Any CPU.Build.0 = Debug|Any CPU
		{11DCBA68-1C22-4936-97FB-2D95DD982BD4}.Debug|x64.ActiveCfg = Debug|Any CPU
		{11DCBA68-1C22-4936-97FB-2D95DD982BD4}.Debug|x64.Build.0 = Debug|Any CPU
		{11DCBA68-1C22-4936-97FB-2D95DD982BD4}.Debug|x86.ActiveCfg = Debug|Any CPU
		{11DCBA68-1C22-4936-97FB-2D95DD982BD4}.Debug|x86.Build.0 = Debug|Any CPU
		{11DCBA68-1C22-4936-97FB-2D95DD982BD4}.Release|Any CPU.ActiveCfg = Release|Any CPU
		{11DCBA68-1C22-4936-97FB-2D95DD982BD4}.Release|Any CPU.Build.0 = Release|Any CPU
		{11DCBA68-1C22-4936-97FB-2D95DD982BD4}.Release|x64.ActiveCfg = Release|Any CPU
		{11DCBA68-1C22-4936-97FB-2D95DD982BD4}.Release|x64.Build.0 = Release|Any CPU
		{11DCBA68-1C22-4936-97FB-2D95DD982BD4}.Release|x86.ActiveCfg = Release|Any CPU
		{11DCBA68-1C22-4936-97FB-2D95DD982BD4}.Release|x86.Build.0 = Release|Any CPU
		{E26C76A3-C966-40A4-8A43-D217C2FCAAD3}.Debug|Any CPU.ActiveCfg = Debug|Any CPU
		{E26C76A3-C966-40A4-8A43-D217C2FCAAD3}.Debug|Any CPU.Build.0 = Debug|Any CPU
		{E26C76A3-C966-40A4-8A43-D217C2FCAAD3}.Debug|x64.ActiveCfg = Debug|Any CPU
		{E26C76A3-C966-40A4-8A43-D217C2FCAAD3}.Debug|x64.Build.0 = Debug|Any CPU
		{E26C76A3-C966-40A4-8A43-D217C2FCAAD3}.Debug|x86.ActiveCfg = Debug|Any CPU
		{E26C76A3-C966-40A4-8A43-D217C2FCAAD3}.Debug|x86.Build.0 = Debug|Any CPU
		{E26C76A3-C966-40A4-8A43-D217C2FCAAD3}.Release|Any CPU.ActiveCfg = Release|Any CPU
		{E26C76A3-C966-40A4-8A43-D217C2FCAAD3}.Release|Any CPU.Build.0 = Release|Any CPU
		{E26C76A3-C966-40A4-8A43-D217C2FCAAD3}.Release|x64.ActiveCfg = Release|Any CPU
		{E26C76A3-C966-40A4-8A43-D217C2FCAAD3}.Release|x64.Build.0 = Release|Any CPU
		{E26C76A3-C966-40A4-8A43-D217C2FCAAD3}.Release|x86.ActiveCfg = Release|Any CPU
		{E26C76A3-C966-40A4-8A43-D217C2FCAAD3}.Release|x86.Build.0 = Release|Any CPU
		{8CCB99B3-53C4-44F3-9D8C-68F41FFF2557}.Debug|Any CPU.ActiveCfg = Debug|Any CPU
		{8CCB99B3-53C4-44F3-9D8C-68F41FFF2557}.Debug|Any CPU.Build.0 = Debug|Any CPU
		{8CCB99B3-53C4-44F3-9D8C-68F41FFF2557}.Debug|x64.ActiveCfg = Debug|Any CPU
		{8CCB99B3-53C4-44F3-9D8C-68F41FFF2557}.Debug|x64.Build.0 = Debug|Any CPU
		{8CCB99B3-53C4-44F3-9D8C-68F41FFF2557}.Debug|x86.ActiveCfg = Debug|Any CPU
		{8CCB99B3-53C4-44F3-9D8C-68F41FFF2557}.Debug|x86.Build.0 = Debug|Any CPU
		{8CCB99B3-53C4-44F3-9D8C-68F41FFF2557}.Release|Any CPU.ActiveCfg = Release|Any CPU
		{8CCB99B3-53C4-44F3-9D8C-68F41FFF2557}.Release|Any CPU.Build.0 = Release|Any CPU
		{8CCB99B3-53C4-44F3-9D8C-68F41FFF2557}.Release|x64.ActiveCfg = Release|Any CPU
		{8CCB99B3-53C4-44F3-9D8C-68F41FFF2557}.Release|x64.Build.0 = Release|Any CPU
		{8CCB99B3-53C4-44F3-9D8C-68F41FFF2557}.Release|x86.ActiveCfg = Release|Any CPU
		{8CCB99B3-53C4-44F3-9D8C-68F41FFF2557}.Release|x86.Build.0 = Release|Any CPU
	EndGlobalSection
	GlobalSection(SolutionProperties) = preSolution
		HideSolutionNode = FALSE
	EndGlobalSection
	GlobalSection(ExtensibilityGlobals) = postSolution
		SolutionGuid = {4AB93D89-63CD-4814-8C30-750C661EE449}
	EndGlobalSection
EndGlobal
